// !$*UTF8*$!
{
	archiveVersion = 1;
	classes = {
	};
	objectVersion = 46;
	objects = {

/* Begin PBXBuildFile section */
		A7EBB2D81B1E92A90007CDA8 /* main.m in Sources */ = {isa = PBXBuildFile; fileRef = A7EBB2D71B1E92A90007CDA8 /* main.m */; };
		A7EBB2DB1B1E92A90007CDA8 /* AppDelegate.m in Sources */ = {isa = PBXBuildFile; fileRef = A7EBB2DA1B1E92A90007CDA8 /* AppDelegate.m */; };
		A7EBB2DE1B1E92A90007CDA8 /* ViewController.m in Sources */ = {isa = PBXBuildFile; fileRef = A7EBB2DD1B1E92A90007CDA8 /* ViewController.m */; };
		A7EBB2E11B1E92AA0007CDA8 /* Main.storyboard in Resources */ = {isa = PBXBuildFile; fileRef = A7EBB2DF1B1E92AA0007CDA8 /* Main.storyboard */; };
		A7EBB2E31B1E92AA0007CDA8 /* Images.xcassets in Resources */ = {isa = PBXBuildFile; fileRef = A7EBB2E21B1E92AA0007CDA8 /* Images.xcassets */; };
		A7EBB2E61B1E92AA0007CDA8 /* LaunchScreen.xib in Resources */ = {isa = PBXBuildFile; fileRef = A7EBB2E41B1E92AA0007CDA8 /* LaunchScreen.xib */; };
		A7EBB2F21B1E92AA0007CDA8 /* day10Tests.m in Sources */ = {isa = PBXBuildFile; fileRef = A7EBB2F11B1E92AA0007CDA8 /* day10Tests.m */; };
/* End PBXBuildFile section */

/* Begin PBXContainerItemProxy section */
		A7EBB2EC1B1E92AA0007CDA8 /* PBXContainerItemProxy */ = {
			isa = PBXContainerItemProxy;
			containerPortal = A7EBB2CA1B1E92A90007CDA8 /* Project object */;
			proxyType = 1;
			remoteGlobalIDString = A7EBB2D11B1E92A90007CDA8;
			remoteInfo = day10;
		};
/* End PBXContainerItemProxy section */

/* Begin PBXFileReference section */
		A7EBB2D21B1E92A90007CDA8 /* day10.app */ = {isa = PBXFileReference; explicitFileType = wrapper.application; includeInIndex = 0; path = day10.app; sourceTree = BUILT_PRODUCTS_DIR; };
		A7EBB2D61B1E92A90007CDA8 /* Info.plist */ = {isa = PBXFileReference; lastKnownFileType = text.plist.xml; path = Info.plist; sourceTree = "<group>"; };
		A7EBB2D71B1E92A90007CDA8 /* main.m */ = {isa = PBXFileReference; lastKnownFileType = sourcecode.c.objc; path = main.m; sourceTree = "<group>"; };
		A7EBB2D91B1E92A90007CDA8 /* AppDelegate.h */ = {isa = PBXFileReference; lastKnownFileType = sourcecode.c.h; path = AppDelegate.h; sourceTree = "<group>"; };
		A7EBB2DA1B1E92A90007CDA8 /* AppDelegate.m */ = {isa = PBXFileReference; lastKnownFileType = sourcecode.c.objc; path = AppDelegate.m; sourceTree = "<group>"; };
		A7EBB2DC1B1E92A90007CDA8 /* ViewController.h */ = {isa = PBXFileReference; lastKnownFileType = sourcecode.c.h; path = ViewController.h; sourceTree = "<group>"; };
		A7EBB2DD1B1E92A90007CDA8 /* ViewController.m */ = {isa = PBXFileReference; lastKnownFileType = sourcecode.c.objc; path = ViewController.m; sourceTree = "<group>"; };
		A7EBB2E01B1E92AA0007CDA8 /* Base */ = {isa = PBXFileReference; lastKnownFileType = file.storyboard; name = Base; path = Base.lproj/Main.storyboard; sourceTree = "<group>"; };
		A7EBB2E21B1E92AA0007CDA8 /* Images.xcassets */ = {isa = PBXFileReference; lastKnownFileType = folder.assetcatalog; path = Images.xcassets; sourceTree = "<group>"; };
		A7EBB2E51B1E92AA0007CDA8 /* Base */ = {isa = PBXFileReference; lastKnownFileType = file.xib; name = Base; path = Base.lproj/LaunchScreen.xib; sourceTree = "<group>"; };
		A7EBB2EB1B1E92AA0007CDA8 /* day10Tests.xctest */ = {isa = PBXFileReference; explicitFileType = wrapper.cfbundle; includeInIndex = 0; path = day10Tests.xctest; sourceTree = BUILT_PRODUCTS_DIR; };
		A7EBB2F01B1E92AA0007CDA8 /* Info.plist */ = {isa = PBXFileReference; lastKnownFileType = text.plist.xml; path = Info.plist; sourceTree = "<group>"; };
		A7EBB2F11B1E92AA0007CDA8 /* day10Tests.m */ = {isa = PBXFileReference; lastKnownFileType = sourcecode.c.objc; path = day10Tests.m; sourceTree = "<group>"; };
/* End PBXFileReference section */

/* Begin PBXFrameworksBuildPhase section */
		A7EBB2CF1B1E92A90007CDA8 /* Frameworks */ = {
			isa = PBXFrameworksBuildPhase;
			buildActionMask = 2147483647;
			files = (
			);
			runOnlyForDeploymentPostprocessing = 0;
		};
		A7EBB2E81B1E92AA0007CDA8 /* Frameworks */ = {
			isa = PBXFrameworksBuildPhase;
			buildActionMask = 2147483647;
			files = (
			);
			runOnlyForDeploymentPostprocessing = 0;
		};
/* End PBXFrameworksBuildPhase section */

/* Begin PBXGroup section */
		A7EBB2C91B1E92A90007CDA8 = {
			isa = PBXGroup;
			children = (
				A7EBB2D41B1E92A90007CDA8 /* day10 */,
				A7EBB2EE1B1E92AA0007CDA8 /* day10Tests */,
				A7EBB2D31B1E92A90007CDA8 /* Products */,
			);
			sourceTree = "<group>";
		};
		A7EBB2D31B1E92A90007CDA8 /* Products */ = {
			isa = PBXGroup;
			children = (
				A7EBB2D21B1E92A90007CDA8 /* day10.app */,
				A7EBB2EB1B1E92AA0007CDA8 /* day10Tests.xctest */,
			);
			name = Products;
			sourceTree = "<group>";
		};
		A7EBB2D41B1E92A90007CDA8 /* day10 */ = {
			isa = PBXGroup;
			children = (
				A7EBB2D91B1E92A90007CDA8 /* AppDelegate.h */,
				A7EBB2DA1B1E92A90007CDA8 /* AppDelegate.m */,
				A7EBB2DC1B1E92A90007CDA8 /* ViewController.h */,
				A7EBB2DD1B1E92A90007CDA8 /* ViewController.m */,
				A7EBB2DF1B1E92AA0007CDA8 /* Main.storyboard */,
				A7EBB2E21B1E92AA0007CDA8 /* Images.xcassets */,
				A7EBB2E41B1E92AA0007CDA8 /* LaunchScreen.xib */,
				A7EBB2D51B1E92A90007CDA8 /* Supporting Files */,
			);
			path = day10;
			sourceTree = "<group>";
		};
		A7EBB2D51B1E92A90007CDA8 /* Supporting Files */ = {
			isa = PBXGroup;
			children = (
				A7EBB2D61B1E92A90007CDA8 /* Info.plist */,
				A7EBB2D71B1E92A90007CDA8 /* main.m */,
			);
			name = "Supporting Files";
			sourceTree = "<group>";
		};
		A7EBB2EE1B1E92AA0007CDA8 /* day10Tests */ = {
			isa = PBXGroup;
			children = (
				A7EBB2F11B1E92AA0007CDA8 /* day10Tests.m */,
				A7EBB2EF1B1E92AA0007CDA8 /* Supporting Files */,
			);
			path = day10Tests;
			sourceTree = "<group>";
		};
		A7EBB2EF1B1E92AA0007CDA8 /* Supporting Files */ = {
			isa = PBXGroup;
			children = (
				A7EBB2F01B1E92AA0007CDA8 /* Info.plist */,
			);
			name = "Supporting Files";
			sourceTree = "<group>";
		};
/* End PBXGroup section */

/* Begin PBXNativeTarget section */
		A7EBB2D11B1E92A90007CDA8 /* day10 */ = {
			isa = PBXNativeTarget;
			buildConfigurationList = A7EBB2F51B1E92AA0007CDA8 /* Build configuration list for PBXNativeTarget "day10" */;
			buildPhases = (
				A7EBB2CE1B1E92A90007CDA8 /* Sources */,
				A7EBB2CF1B1E92A90007CDA8 /* Frameworks */,
				A7EBB2D01B1E92A90007CDA8 /* Resources */,
			);
			buildRules = (
			);
			dependencies = (
			);
			name = day10;
			productName = day10;
			productReference = A7EBB2D21B1E92A90007CDA8 /* day10.app */;
			productType = "com.apple.product-type.application";
		};
		A7EBB2EA1B1E92AA0007CDA8 /* day10Tests */ = {
			isa = PBXNativeTarget;
			buildConfigurationList = A7EBB2F81B1E92AA0007CDA8 /* Build configuration list for PBXNativeTarget "day10Tests" */;
			buildPhases = (
				A7EBB2E71B1E92AA0007CDA8 /* Sources */,
				A7EBB2E81B1E92AA0007CDA8 /* Frameworks */,
				A7EBB2E91B1E92AA0007CDA8 /* Resources */,
			);
			buildRules = (
			);
			dependencies = (
				A7EBB2ED1B1E92AA0007CDA8 /* PBXTargetDependency */,
			);
			name = day10Tests;
			productName = day10Tests;
			productReference = A7EBB2EB1B1E92AA0007CDA8 /* day10Tests.xctest */;
			productType = "com.apple.product-type.bundle.unit-test";
		};
/* End PBXNativeTarget section */

/* Begin PBXProject section */
		A7EBB2CA1B1E92A90007CDA8 /* Project object */ = {
			isa = PBXProject;
			attributes = {
				LastUpgradeCheck = 0630;
				ORGANIZATIONNAME = lalaleelala;
				TargetAttributes = {
					A7EBB2D11B1E92A90007CDA8 = {
						CreatedOnToolsVersion = 6.3.2;
					};
					A7EBB2EA1B1E92AA0007CDA8 = {
						CreatedOnToolsVersion = 6.3.2;
						TestTargetID = A7EBB2D11B1E92A90007CDA8;
					};
				};
			};
			buildConfigurationList = A7EBB2CD1B1E92A90007CDA8 /* Build configuration list for PBXProject "day10" */;
			compatibilityVersion = "Xcode 3.2";
			developmentRegion = English;
			hasScannedForEncodings = 0;
			knownRegions = (
				en,
				Base,
			);
			mainGroup = A7EBB2C91B1E92A90007CDA8;
			productRefGroup = A7EBB2D31B1E92A90007CDA8 /* Products */;
			projectDirPath = "";
			projectRoot = "";
			targets = (
				A7EBB2D11B1E92A90007CDA8 /* day10 */,
				A7EBB2EA1B1E92AA0007CDA8 /* day10Tests */,
			);
		};
/* End PBXProject section */

/* Begin PBXResourcesBuildPhase section */
		A7EBB2D01B1E92A90007CDA8 /* Resources */ = {
			isa = PBXResourcesBuildPhase;
			buildActionMask = 2147483647;
			files = (
				A7EBB2E11B1E92AA0007CDA8 /* Main.storyboard in Resources */,
				A7EBB2E61B1E92AA0007CDA8 /* LaunchScreen.xib in Resources */,
				A7EBB2E31B1E92AA0007CDA8 /* Images.xcassets in Resources */,
			);
			runOnlyForDeploymentPostprocessing = 0;
		};
		A7EBB2E91B1E92AA0007CDA8 /* Resources */ = {
			isa = PBXResourcesBuildPhase;
			buildActionMask = 2147483647;
			files = (
			);
			runOnlyForDeploymentPostprocessing = 0;
		};
/* End PBXResourcesBuildPhase section */

/* Begin PBXSourcesBuildPhase section */
		A7EBB2CE1B1E92A90007CDA8 /* Sources */ = {
			isa = PBXSourcesBuildPhase;
			buildActionMask = 2147483647;
			files = (
				A7EBB2DE1B1E92A90007CDA8 /* ViewController.m in Sources */,
				A7EBB2DB1B1E92A90007CDA8 /* AppDelegate.m in Sources */,
				A7EBB2D81B1E92A90007CDA8 /* main.m in Sources */,
			);
			runOnlyForDeploymentPostprocessing = 0;
		};
		A7EBB2E71B1E92AA0007CDA8 /* Sources */ = {
			isa = PBXSourcesBuildPhase;
			buildActionMask = 2147483647;
			files = (
				A7EBB2F21B1E92AA0007CDA8 /* day10Tests.m in Sources */,
			);
			runOnlyForDeploymentPostprocessing = 0;
		};
/* End PBXSourcesBuildPhase section */

/* Begin PBXTargetDependency section */
		A7EBB2ED1B1E92AA0007CDA8 /* PBXTargetDependency */ = {
			isa = PBXTargetDependency;
			target = A7EBB2D11B1E92A90007CDA8 /* day10 */;
			targetProxy = A7EBB2EC1B1E92AA0007CDA8 /* PBXContainerItemProxy */;
		};
/* End PBXTargetDependency section */

/* Begin PBXVariantGroup section */
		A7EBB2DF1B1E92AA0007CDA8 /* Main.storyboard */ = {
			isa = PBXVariantGroup;
			children = (
				A7EBB2E01B1E92AA0007CDA8 /* Base */,
			);
			name = Main.storyboard;
			sourceTree = "<group>";
		};
		A7EBB2E41B1E92AA0007CDA8 /* LaunchScreen.xib */ = {
			isa = PBXVariantGroup;
			children = (
				A7EBB2E51B1E92AA0007CDA8 /* Base */,
			);
			name = LaunchScreen.xib;
			sourceTree = "<group>";
		};
/* End PBXVariantGroup section */

/* Begin XCBuildConfiguration section */
		A7EBB2F31B1E92AA0007CDA8 /* Debug */ = {
			isa = XCBuildConfiguration;
			buildSettings = {
				ALWAYS_SEARCH_USER_PATHS = NO;
				CLANG_CXX_LANGUAGE_STANDARD = "gnu++0x";
				CLANG_CXX_LIBRARY = "libc++";
				CLANG_ENABLE_MODULES = YES;
				CLANG_ENABLE_OBJC_ARC = YES;
				CLANG_WARN_BOOL_CONVERSION = YES;
				CLANG_WARN_CONSTANT_CONVERSION = YES;
				CLANG_WARN_DIRECT_OBJC_ISA_USAGE = YES_ERROR;
				CLANG_WARN_EMPTY_BODY = YES;
				CLANG_WARN_ENUM_CONVERSION = YES;
				CLANG_WARN_INT_CONVERSION = YES;
				CLANG_WARN_OBJC_ROOT_CLASS = YES_ERROR;
				CLANG_WARN_UNREACHABLE_CODE = YES;
				CLANG_WARN__DUPLICATE_METHOD_MATCH = YES;
				"CODE_SIGN_IDENTITY[sdk=iphoneos*]" = "iPhone Developer";
				COPY_PHASE_STRIP = NO;
				DEBUG_INFORMATION_FORMAT = "dwarf-with-dsym";
				ENABLE_STRICT_OBJC_MSGSEND = YES;
				GCC_C_LANGUAGE_STANDARD = gnu99;
				GCC_DYNAMIC_NO_PIC = NO;
				GCC_NO_COMMON_BLOCKS = YES;
				GCC_OPTIMIZATION_LEVEL = 0;
				GCC_PREPROCESSOR_DEFINITIONS = (
					"DEBUG=1",
					"$(inherited)",
				);
				GCC_SYMBOLS_PRIVATE_EXTERN = NO;
				GCC_WARN_64_TO_32_BIT_CONVERSION = YES;
				GCC_WARN_ABOUT_RETURN_TYPE = YES_ERROR;
				GCC_WARN_UNDECLARED_SELECTOR = YES;
				GCC_WARN_UNINITIALIZED_AUTOS = YES_AGGRESSIVE;
				GCC_WARN_UNUSED_FUNCTION = YES;
				GCC_WARN_UNUSED_VARIABLE = YES;
				IPHONEOS_DEPLOYMENT_TARGET = 8.3;
				MTL_ENABLE_DEBUG_INFO = YES;
				ONLY_ACTIVE_ARCH = YES;
				SDKROOT = iphoneos;
			};
			name = Debug;
		};
		A7EBB2F41B1E92AA0007CDA8 /* Release */ = {
			isa = XCBuildConfiguration;
			buildSettings = {
				ALWAYS_SEARCH_USER_PATHS = NO;
				CLANG_CXX_LANGUAGE_STANDARD = "gnu++0x";
				CLANG_CXX_LIBRARY = "libc++";
				CLANG_ENABLE_MODULES = YES;
				CLANG_ENABLE_OBJC_ARC = YES;
				CLANG_WARN_BOOL_CONVERSION = YES;
				CLANG_WARN_CONSTANT_CONVERSION = YES;
				CLANG_WARN_DIRECT_OBJC_ISA_USAGE = YES_ERROR;
				CLANG_WARN_EMPTY_BODY = YES;
				CLANG_WARN_ENUM_CONVERSION = YES;
				CLANG_WARN_INT_CONVERSION = YES;
				CLANG_WARN_OBJC_ROOT_CLASS = YES_ERROR;
				CLANG_WARN_UNREACHABLE_CODE = YES;
				CLANG_WARN__DUPLICATE_METHOD_MATCH = YES;
				"CODE_SIGN_IDENTITY[sdk=iphoneos*]" = "iPhone Developer";
				COPY_PHASE_STRIP = NO;
				DEBUG_INFORMATION_FORMAT = "dwarf-with-dsym";
				ENABLE_NS_ASSERTIONS = NO;
				ENABLE_STRICT_OBJC_MSGSEND = YES;
				GCC_C_LANGUAGE_STANDARD = gnu99;
				GCC_NO_COMMON_BLOCKS = YES;
				GCC_WARN_64_TO_32_BIT_CONVERSION = YES;
				GCC_WARN_ABOUT_RETURN_TYPE = YES_ERROR;
				GCC_WARN_UNDECLARED_SELECTOR = YES;
				GCC_WARN_UNINITIALIZED_AUTOS = YES_AGGRESSIVE;
				GCC_WARN_UNUSED_FUNCTION = YES;
				GCC_WARN_UNUSED_VARIABLE = YES;
				IPHONEOS_DEPLOYMENT_TARGET = 8.3;
				MTL_ENABLE_DEBUG_INFO = NO;
				SDKROOT = iphoneos;
				VALIDATE_PRODUCT = YES;
			};
			name = Release;
		};
		A7EBB2F61B1E92AA0007CDA8 /* Debug */ = {
			isa = XCBuildConfiguration;
			buildSettings = {
				ASSETCATALOG_COMPILER_APPICON_NAME = AppIcon;
				INFOPLIST_FILE = day10/Info.plist;
				LD_RUNPATH_SEARCH_PATHS = "$(inherited) @executable_path/Frameworks";
				PRODUCT_NAME = "$(TARGET_NAME)";
			};
			name = Debug;
		};
		A7EBB2F71B1E92AA0007CDA8 /* Release */ = {
			isa = XCBuildConfiguration;
			buildSettings = {
				ASSETCATALOG_COMPILER_APPICON_NAME = AppIcon;
				INFOPLIST_FILE = day10/Info.plist;
				LD_RUNPATH_SEARCH_PATHS = "$(inherited) @executable_path/Frameworks";
				PRODUCT_NAME = "$(TARGET_NAME)";
			};
			name = Release;
		};
		A7EBB2F91B1E92AA0007CDA8 /* Debug */ = {
			isa = XCBuildConfiguration;
			buildSettings = {
				BUNDLE_LOADER = "$(TEST_HOST)";
				FRAMEWORK_SEARCH_PATHS = (
					"$(SDKROOT)/Developer/Library/Frameworks",
					"$(inherited)",
				);
				GCC_PREPROCESSOR_DEFINITIONS = (
					"DEBUG=1",
					"$(inherited)",
				);
				INFOPLIST_FILE = day10Tests/Info.plist;
				LD_RUNPATH_SEARCH_PATHS = "$(inherited) @executable_path/Frameworks @loader_path/Frameworks";
				PRODUCT_NAME = "$(TARGET_NAME)";
				TEST_HOST = "$(BUILT_PRODUCTS_DIR)/day10.app/day10";
			};
			name = Debug;
		};
		A7EBB2FA1B1E92AA0007CDA8 /* Release */ = {
			isa = XCBuildConfiguration;
			buildSettings = {
				BUNDLE_LOADER = "$(TEST_HOST)";
				FRAMEWORK_SEARCH_PATHS = (
					"$(SDKROOT)/Developer/Library/Frameworks",
					"$(inherited)",
				);
				INFOPLIST_FILE = day10Tests/Info.plist;
				LD_RUNPATH_SEARCH_PATHS = "$(inherited) @executable_path/Frameworks @loader_path/Frameworks";
				PRODUCT_NAME = "$(TARGET_NAME)";
				TEST_HOST = "$(BUILT_PRODUCTS_DIR)/day10.app/day10";
			};
			name = Release;
		};
/* End XCBuildConfiguration section */

/* Begin XCConfigurationList section */
		A7EBB2CD1B1E92A90007CDA8 /* Build configuration list for PBXProject "day10" */ = {
			isa = XCConfigurationList;
			buildConfigurations = (
				A7EBB2F31B1E92AA0007CDA8 /* Debug */,
				A7EBB2F41B1E92AA0007CDA8 /* Release */,
			);
			defaultConfigurationIsVisible = 0;
			defaultConfigurationName = Release;
		};
		A7EBB2F51B1E92AA0007CDA8 /* Build configuration list for PBXNativeTarget "day10" */ = {
			isa = XCConfigurationList;
			buildConfigurations = (
				A7EBB2F61B1E92AA0007CDA8 /* Debug */,
				A7EBB2F71B1E92AA0007CDA8 /* Release */,
			);
			defaultConfigurationIsVisible = 0;
		};
		A7EBB2F81B1E92AA0007CDA8 /* Build configuration list for PBXNativeTarget "day10Tests" */ = {
			isa = XCConfigurationList;
			buildConfigurations = (
				A7EBB2F91B1E92AA0007CDA8 /* Debug */,
				A7EBB2FA1B1E92AA0007CDA8 /* Release */,
			);
			defaultConfigurationIsVisible = 0;
		};
/* End XCConfigurationList section */
	};
	rootObject = A7EBB2CA1B1E92A90007CDA8 /* Project object */;
}
